
Microsoft Visual Studio Solution File, Format Version 12.00
# Visual Studio 15
VisualStudioVersion = 15.0.27130.2010
MinimumVisualStudioVersion = 10.0.40219.1
Project("{E24C65DC-7377-472B-9ABA-BC803B73C61A}") = "rotatedTriangle", "rotatedTriangle\", "{7AB315F1-C6D4-4710-93C3-8F091CC701DC}"
	ProjectSection(WebsiteProperties) = preProject
		TargetFrameworkMoniker = ".NETFramework,Version%3Dv4.6.1"
		Debug.AspNetCompiler.VirtualPath = "/localhost_53165"
		Debug.AspNetCompiler.PhysicalPath = "rotatedTriangle\"
		Debug.AspNetCompiler.TargetPath = "PrecompiledWeb\localhost_53165\"
		Debug.AspNetCompiler.Updateable = "true"
		Debug.AspNetCompiler.ForceOverwrite = "true"
		Debug.AspNetCompiler.FixedNames = "false"
		Debug.AspNetCompiler.Debug = "True"
		Release.AspNetCompiler.VirtualPath = "/localhost_53165"
		Release.AspNetCompiler.PhysicalPath = "rotatedTriangle\"
		Release.AspNetCompiler.TargetPath = "PrecompiledWeb\localhost_53165\"
		Release.AspNetCompiler.Updateable = "true"
		Release.AspNetCompiler.ForceOverwrite = "true"
		Release.AspNetCompiler.FixedNames = "false"
		Release.AspNetCompiler.Debug = "False"
		VWDPort = "53165"
		SlnRelativePath = "rotatedTriangle\"
		DefaultWebSiteLanguage = "Visual C#"
	EndProjectSection
EndProject
Global
	GlobalSection(SolutionConfigurationPlatforms) = preSolution
		Debug|Any CPU = Debug|Any CPU
	EndGlobalSection
	GlobalSection(ProjectConfigurationPlatforms) = postSolution
		{7AB315F1-C6D4-4710-93C3-8F091CC701DC}.Debug|Any CPU.ActiveCfg = Debug|Any CPU
		{7AB315F1-C6D4-4710-93C3-8F091CC701DC}.Debug|Any CPU.Build.0 = Debug|Any CPU
	EndGlobalSection
	GlobalSection(SolutionProperties) = preSolution
		HideSolutionNode = FALSE
	EndGlobalSection
	GlobalSection(ExtensibilityGlobals) = postSolution
		SolutionGuid = {4F538FEE-2087-4553-A7B7-AD2190B07F71}
	EndGlobalSection
EndGlobal
